{
  "nodes": {
    "home-manager": {
      "inputs": {
        "nixpkgs": [
          "nixpkgs"
        ]
      },
      "locked": {
        "lastModified": 1723015306,
        "narHash": "sha256-jQnFEtH20/OsDPpx71ntZzGdRlpXhUENSQCGTjn//NA=",
        "owner": "nix-community",
        "repo": "home-manager",
        "rev": "b3d5ea65d88d67d4ec578ed11d4d2d51e3de525e",
        "type": "github"
      },
      "original": {
        "owner": "nix-community",
        "repo": "home-manager",
        "type": "github"
      }
    },
    "nix-index-database": {
      "inputs": {
        "nixpkgs": [
          "nixpkgs"
        ]
      },
      "locked": {
        "lastModified": 1722740924,
        "narHash": "sha256-UQPgA5d8azLZuDHZMPmvDszhuKF1Ek89SrTRtqsQ4Ss=",
        "owner": "nix-community",
        "repo": "nix-index-database",
        "rev": "97ca0a0fca0391de835f57e44f369a283e37890f",
        "type": "github"
      },
      "original": {
        "owner": "nix-community",
        "repo": "nix-index-database",
        "type": "github"
      }
    },
    "nixos-hardware": {
      "locked": {
        "lastModified": 1722332872,
        "narHash": "sha256-2xLM4sc5QBfi0U/AANJAW21Bj4ZX479MHPMPkB+eKBU=",
        "owner": "nixos",
        "repo": "nixos-hardware",
        "rev": "14c333162ba53c02853add87a0000cbd7aa230c2",
        "type": "github"
      },
      "original": {
        "owner": "nixos",
        "repo": "nixos-hardware",
        "type": "github"
      }
    },
    "nixpkgs": {
      "locked": {
        "lastModified": 1722813957,
        "narHash": "sha256-IAoYyYnED7P8zrBFMnmp7ydaJfwTnwcnqxUElC1I26Y=",
        "owner": "nixos",
        "repo": "nixpkgs",
        "rev": "cb9a96f23c491c081b38eab96d22fa958043c9fa",
        "type": "github"
      },
      "original": {
        "owner": "nixos",
        "ref": "nixos-unstable",
        "repo": "nixpkgs",
        "type": "github"
      }
    },
    "plasma-manager": {
      "inputs": {
        "home-manager": [
          "home-manager"
        ],
        "nixpkgs": [
          "nixpkgs"
        ]
      },
      "locked": {
        "lastModified": 1723036961,
        "narHash": "sha256-GLrZ8CE2FlWbeJFFcO+J5nphbOG8d0eslpy8Uv+AHoY=",
        "owner": "nix-community",
        "repo": "plasma-manager",
        "rev": "b6e7a2ed7b22effe1395416adf527935c4b3dc9b",
        "type": "github"
      },
      "original": {
        "owner": "nix-community",
        "repo": "plasma-manager",
        "type": "github"
      }
    },
    "root": {
      "inputs": {
        "home-manager": "home-manager",
        "nix-index-database": "nix-index-database",
        "nixos-hardware": "nixos-hardware",
        "nixpkgs": "nixpkgs",
        "plasma-manager": "plasma-manager"
      }
    }
  },
  "root": "root",
  "version": 7
}
